// !$*UTF8*$!
{
	archiveVersion = 1;
	classes = {
	};
	objectVersion = 46;
	objects = {

/* Begin PBXBuildFile section */
		8FCF9D3F1DC9AD050027BEC7 /* main.m in Sources */ = {isa = PBXBuildFile; fileRef = 8FCF9D3E1DC9AD050027BEC7 /* main.m */; };
		8FCF9D421DC9AD050027BEC7 /* AppDelegate.m in Sources */ = {isa = PBXBuildFile; fileRef = 8FCF9D411DC9AD050027BEC7 /* AppDelegate.m */; };
		8FCF9D451DC9AD050027BEC7 /* ViewController.m in Sources */ = {isa = PBXBuildFile; fileRef = 8FCF9D441DC9AD050027BEC7 /* ViewController.m */; };
		8FCF9D481DC9AD050027BEC7 /* Main.storyboard in Resources */ = {isa = PBXBuildFile; fileRef = 8FCF9D461DC9AD050027BEC7 /* Main.storyboard */; };
		8FCF9D4A1DC9AD050027BEC7 /* Assets.xcassets in Resources */ = {isa = PBXBuildFile; fileRef = 8FCF9D491DC9AD050027BEC7 /* Assets.xcassets */; };
		8FCF9D4D1DC9AD050027BEC7 /* LaunchScreen.storyboard in Resources */ = {isa = PBXBuildFile; fileRef = 8FCF9D4B1DC9AD050027BEC7 /* LaunchScreen.storyboard */; };
		8FCF9D5B1DC9AD140027BEC7 /* Messages.framework in Frameworks */ = {isa = PBXBuildFile; fileRef = 8FCF9D5A1DC9AD140027BEC7 /* Messages.framework */; };
		8FCF9D5F1DC9AD140027BEC7 /* MessagesViewController.m in Sources */ = {isa = PBXBuildFile; fileRef = 8FCF9D5E1DC9AD140027BEC7 /* MessagesViewController.m */; };
		8FCF9D621DC9AD140027BEC7 /* MainInterface.storyboard in Resources */ = {isa = PBXBuildFile; fileRef = 8FCF9D601DC9AD140027BEC7 /* MainInterface.storyboard */; };
		8FCF9D641DC9AD140027BEC7 /* Assets.xcassets in Resources */ = {isa = PBXBuildFile; fileRef = 8FCF9D631DC9AD140027BEC7 /* Assets.xcassets */; };
		8FCF9D681DC9AD140027BEC7 /* MessageExtension.appex in Embed App Extensions */ = {isa = PBXBuildFile; fileRef = 8FCF9D581DC9AD140027BEC7 /* MessageExtension.appex */; settings = {ATTRIBUTES = (RemoveHeadersOnCopy, ); }; };
/* End PBXBuildFile section */

/* Begin PBXContainerItemProxy section */
		8FCF9D661DC9AD140027BEC7 /* PBXContainerItemProxy */ = {
			isa = PBXContainerItemProxy;
			containerPortal = 8FCF9D321DC9AD050027BEC7 /* Project object */;
			proxyType = 1;
			remoteGlobalIDString = 8FCF9D571DC9AD140027BEC7;
			remoteInfo = MessageExtension;
		};
/* End PBXContainerItemProxy section */

/* Begin PBXCopyFilesBuildPhase section */
		8FCF9D6C1DC9AD140027BEC7 /* Embed App Extensions */ = {
			isa = PBXCopyFilesBuildPhase;
			buildActionMask = 2147483647;
			dstPath = "";
			dstSubfolderSpec = 13;
			files = (
				8FCF9D681DC9AD140027BEC7 /* MessageExtension.appex in Embed App Extensions */,
			);
			name = "Embed App Extensions";
			runOnlyForDeploymentPostprocessing = 0;
		};
/* End PBXCopyFilesBuildPhase section */

/* Begin PBXFileReference section */
		8FCF9D3A1DC9AD050027BEC7 /* DataShareExtensionToHostApp.app */ = {isa = PBXFileReference; explicitFileType = wrapper.application; includeInIndex = 0; path = DataShareExtensionToHostApp.app; sourceTree = BUILT_PRODUCTS_DIR; };
		8FCF9D3E1DC9AD050027BEC7 /* main.m */ = {isa = PBXFileReference; lastKnownFileType = sourcecode.c.objc; path = main.m; sourceTree = "<group>"; };
		8FCF9D401DC9AD050027BEC7 /* AppDelegate.h */ = {isa = PBXFileReference; lastKnownFileType = sourcecode.c.h; path = AppDelegate.h; sourceTree = "<group>"; };
		8FCF9D411DC9AD050027BEC7 /* AppDelegate.m */ = {isa = PBXFileReference; lastKnownFileType = sourcecode.c.objc; path = AppDelegate.m; sourceTree = "<group>"; };
		8FCF9D431DC9AD050027BEC7 /* ViewController.h */ = {isa = PBXFileReference; lastKnownFileType = sourcecode.c.h; path = ViewController.h; sourceTree = "<group>"; };
		8FCF9D441DC9AD050027BEC7 /* ViewController.m */ = {isa = PBXFileReference; lastKnownFileType = sourcecode.c.objc; path = ViewController.m; sourceTree = "<group>"; };
		8FCF9D471DC9AD050027BEC7 /* Base */ = {isa = PBXFileReference; lastKnownFileType = file.storyboard; name = Base; path = Base.lproj/Main.storyboard; sourceTree = "<group>"; };
		8FCF9D491DC9AD050027BEC7 /* Assets.xcassets */ = {isa = PBXFileReference; lastKnownFileType = folder.assetcatalog; path = Assets.xcassets; sourceTree = "<group>"; };
		8FCF9D4C1DC9AD050027BEC7 /* Base */ = {isa = PBXFileReference; lastKnownFileType = file.storyboard; name = Base; path = Base.lproj/LaunchScreen.storyboard; sourceTree = "<group>"; };
		8FCF9D4E1DC9AD050027BEC7 /* Info.plist */ = {isa = PBXFileReference; lastKnownFileType = text.plist.xml; path = Info.plist; sourceTree = "<group>"; };
		8FCF9D581DC9AD140027BEC7 /* MessageExtension.appex */ = {isa = PBXFileReference; explicitFileType = "wrapper.app-extension"; includeInIndex = 0; path = MessageExtension.appex; sourceTree = BUILT_PRODUCTS_DIR; };
		8FCF9D5A1DC9AD140027BEC7 /* Messages.framework */ = {isa = PBXFileReference; lastKnownFileType = wrapper.framework; name = Messages.framework; path = System/Library/Frameworks/Messages.framework; sourceTree = SDKROOT; };
		8FCF9D5D1DC9AD140027BEC7 /* MessagesViewController.h */ = {isa = PBXFileReference; lastKnownFileType = sourcecode.c.h; path = MessagesViewController.h; sourceTree = "<group>"; };
		8FCF9D5E1DC9AD140027BEC7 /* MessagesViewController.m */ = {isa = PBXFileReference; lastKnownFileType = sourcecode.c.objc; path = MessagesViewController.m; sourceTree = "<group>"; };
		8FCF9D611DC9AD140027BEC7 /* Base */ = {isa = PBXFileReference; lastKnownFileType = file.storyboard; name = Base; path = Base.lproj/MainInterface.storyboard; sourceTree = "<group>"; };
		8FCF9D631DC9AD140027BEC7 /* Assets.xcassets */ = {isa = PBXFileReference; lastKnownFileType = folder.assetcatalog; path = Assets.xcassets; sourceTree = "<group>"; };
		8FCF9D651DC9AD140027BEC7 /* Info.plist */ = {isa = PBXFileReference; lastKnownFileType = text.plist.xml; path = Info.plist; sourceTree = "<group>"; };
/* End PBXFileReference section */

/* Begin PBXFrameworksBuildPhase section */
		8FCF9D371DC9AD050027BEC7 /* Frameworks */ = {
			isa = PBXFrameworksBuildPhase;
			buildActionMask = 2147483647;
			files = (
			);
			runOnlyForDeploymentPostprocessing = 0;
		};
		8FCF9D551DC9AD140027BEC7 /* Frameworks */ = {
			isa = PBXFrameworksBuildPhase;
			buildActionMask = 2147483647;
			files = (
				8FCF9D5B1DC9AD140027BEC7 /* Messages.framework in Frameworks */,
			);
			runOnlyForDeploymentPostprocessing = 0;
		};
/* End PBXFrameworksBuildPhase section */

/* Begin PBXGroup section */
		8FCF9D311DC9AD050027BEC7 = {
			isa = PBXGroup;
			children = (
				8FCF9D3C1DC9AD050027BEC7 /* DataShareExtensionToHostApp */,
				8FCF9D5C1DC9AD140027BEC7 /* MessageExtension */,
				8FCF9D591DC9AD140027BEC7 /* Frameworks */,
				8FCF9D3B1DC9AD050027BEC7 /* Products */,
			);
			sourceTree = "<group>";
		};
		8FCF9D3B1DC9AD050027BEC7 /* Products */ = {
			isa = PBXGroup;
			children = (
				8FCF9D3A1DC9AD050027BEC7 /* DataShareExtensionToHostApp.app */,
				8FCF9D581DC9AD140027BEC7 /* MessageExtension.appex */,
			);
			name = Products;
			sourceTree = "<group>";
		};
		8FCF9D3C1DC9AD050027BEC7 /* DataShareExtensionToHostApp */ = {
			isa = PBXGroup;
			children = (
				8FCF9D401DC9AD050027BEC7 /* AppDelegate.h */,
				8FCF9D411DC9AD050027BEC7 /* AppDelegate.m */,
				8FCF9D431DC9AD050027BEC7 /* ViewController.h */,
				8FCF9D441DC9AD050027BEC7 /* ViewController.m */,
				8FCF9D461DC9AD050027BEC7 /* Main.storyboard */,
				8FCF9D491DC9AD050027BEC7 /* Assets.xcassets */,
				8FCF9D4B1DC9AD050027BEC7 /* LaunchScreen.storyboard */,
				8FCF9D4E1DC9AD050027BEC7 /* Info.plist */,
				8FCF9D3D1DC9AD050027BEC7 /* Supporting Files */,
			);
			path = DataShareExtensionToHostApp;
			sourceTree = "<group>";
		};
		8FCF9D3D1DC9AD050027BEC7 /* Supporting Files */ = {
			isa = PBXGroup;
			children = (
				8FCF9D3E1DC9AD050027BEC7 /* main.m */,
			);
			name = "Supporting Files";
			sourceTree = "<group>";
		};
		8FCF9D591DC9AD140027BEC7 /* Frameworks */ = {
			isa = PBXGroup;
			children = (
				8FCF9D5A1DC9AD140027BEC7 /* Messages.framework */,
			);
			name = Frameworks;
			sourceTree = "<group>";
		};
		8FCF9D5C1DC9AD140027BEC7 /* MessageExtension */ = {
			isa = PBXGroup;
			children = (
				8FCF9D5D1DC9AD140027BEC7 /* MessagesViewController.h */,
				8FCF9D5E1DC9AD140027BEC7 /* MessagesViewController.m */,
				8FCF9D601DC9AD140027BEC7 /* MainInterface.storyboard */,
				8FCF9D631DC9AD140027BEC7 /* Assets.xcassets */,
				8FCF9D651DC9AD140027BEC7 /* Info.plist */,
			);
			path = MessageExtension;
			sourceTree = "<group>";
		};
/* End PBXGroup section */

/* Begin PBXNativeTarget section */
		8FCF9D391DC9AD050027BEC7 /* DataShareExtensionToHostApp */ = {
			isa = PBXNativeTarget;
			buildConfigurationList = 8FCF9D511DC9AD050027BEC7 /* Build configuration list for PBXNativeTarget "DataShareExtensionToHostApp" */;
			buildPhases = (
				8FCF9D361DC9AD050027BEC7 /* Sources */,
				8FCF9D371DC9AD050027BEC7 /* Frameworks */,
				8FCF9D381DC9AD050027BEC7 /* Resources */,
				8FCF9D6C1DC9AD140027BEC7 /* Embed App Extensions */,
			);
			buildRules = (
			);
			dependencies = (
				8FCF9D671DC9AD140027BEC7 /* PBXTargetDependency */,
			);
			name = DataShareExtensionToHostApp;
			productName = DataShareExtensionToHostApp;
			productReference = 8FCF9D3A1DC9AD050027BEC7 /* DataShareExtensionToHostApp.app */;
			productType = "com.apple.product-type.application";
		};
		8FCF9D571DC9AD140027BEC7 /* MessageExtension */ = {
			isa = PBXNativeTarget;
			buildConfigurationList = 8FCF9D691DC9AD140027BEC7 /* Build configuration list for PBXNativeTarget "MessageExtension" */;
			buildPhases = (
				8FCF9D541DC9AD140027BEC7 /* Sources */,
				8FCF9D551DC9AD140027BEC7 /* Frameworks */,
				8FCF9D561DC9AD140027BEC7 /* Resources */,
			);
			buildRules = (
			);
			dependencies = (
			);
			name = MessageExtension;
			productName = MessageExtension;
			productReference = 8FCF9D581DC9AD140027BEC7 /* MessageExtension.appex */;
			productType = "com.apple.product-type.app-extension.messages";
		};
/* End PBXNativeTarget section */

/* Begin PBXProject section */
		8FCF9D321DC9AD050027BEC7 /* Project object */ = {
			isa = PBXProject;
			attributes = {
				LastUpgradeCheck = 0810;
				ORGANIZATIONNAME = "Amit Chowdhury";
				TargetAttributes = {
					8FCF9D391DC9AD050027BEC7 = {
						CreatedOnToolsVersion = 8.1;
						DevelopmentTeam = 673BAG78VN;
						ProvisioningStyle = Automatic;
					};
					8FCF9D571DC9AD140027BEC7 = {
						CreatedOnToolsVersion = 8.1;
						DevelopmentTeam = 673BAG78VN;
						ProvisioningStyle = Automatic;
					};
				};
			};
			buildConfigurationList = 8FCF9D351DC9AD050027BEC7 /* Build configuration list for PBXProject "DataShareExtensionToHostApp" */;
			compatibilityVersion = "Xcode 3.2";
			developmentRegion = English;
			hasScannedForEncodings = 0;
			knownRegions = (
				en,
				Base,
			);
			mainGroup = 8FCF9D311DC9AD050027BEC7;
			productRefGroup = 8FCF9D3B1DC9AD050027BEC7 /* Products */;
			projectDirPath = "";
			projectRoot = "";
			targets = (
				8FCF9D391DC9AD050027BEC7 /* DataShareExtensionToHostApp */,
				8FCF9D571DC9AD140027BEC7 /* MessageExtension */,
			);
		};
/* End PBXProject section */

/* Begin PBXResourcesBuildPhase section */
		8FCF9D381DC9AD050027BEC7 /* Resources */ = {
			isa = PBXResourcesBuildPhase;
			buildActionMask = 2147483647;
			files = (
				8FCF9D4D1DC9AD050027BEC7 /* LaunchScreen.storyboard in Resources */,
				8FCF9D4A1DC9AD050027BEC7 /* Assets.xcassets in Resources */,
				8FCF9D481DC9AD050027BEC7 /* Main.storyboard in Resources */,
			);
			runOnlyForDeploymentPostprocessing = 0;
		};
		8FCF9D561DC9AD140027BEC7 /* Resources */ = {
			isa = PBXResourcesBuildPhase;
			buildActionMask = 2147483647;
			files = (
				8FCF9D641DC9AD140027BEC7 /* Assets.xcassets in Resources */,
				8FCF9D621DC9AD140027BEC7 /* MainInterface.storyboard in Resources */,
			);
			runOnlyForDeploymentPostprocessing = 0;
		};
/* End PBXResourcesBuildPhase section */

/* Begin PBXSourcesBuildPhase section */
		8FCF9D361DC9AD050027BEC7 /* Sources */ = {
			isa = PBXSourcesBuildPhase;
			buildActionMask = 2147483647;
			files = (
				8FCF9D451DC9AD050027BEC7 /* ViewController.m in Sources */,
				8FCF9D421DC9AD050027BEC7 /* AppDelegate.m in Sources */,
				8FCF9D3F1DC9AD050027BEC7 /* main.m in Sources */,
			);
			runOnlyForDeploymentPostprocessing = 0;
		};
		8FCF9D541DC9AD140027BEC7 /* Sources */ = {
			isa = PBXSourcesBuildPhase;
			buildActionMask = 2147483647;
			files = (
				8FCF9D5F1DC9AD140027BEC7 /* MessagesViewController.m in Sources */,
			);
			runOnlyForDeploymentPostprocessing = 0;
		};
/* End PBXSourcesBuildPhase section */

/* Begin PBXTargetDependency section */
		8FCF9D671DC9AD140027BEC7 /* PBXTargetDependency */ = {
			isa = PBXTargetDependency;
			target = 8FCF9D571DC9AD140027BEC7 /* MessageExtension */;
			targetProxy = 8FCF9D661DC9AD140027BEC7 /* PBXContainerItemProxy */;
		};
/* End PBXTargetDependency section */

/* Begin PBXVariantGroup section */
		8FCF9D461DC9AD050027BEC7 /* Main.storyboard */ = {
			isa = PBXVariantGroup;
			children = (
				8FCF9D471DC9AD050027BEC7 /* Base */,
			);
			name = Main.storyboard;
			sourceTree = "<group>";
		};
		8FCF9D4B1DC9AD050027BEC7 /* LaunchScreen.storyboard */ = {
			isa = PBXVariantGroup;
			children = (
				8FCF9D4C1DC9AD050027BEC7 /* Base */,
			);
			name = LaunchScreen.storyboard;
			sourceTree = "<group>";
		};
		8FCF9D601DC9AD140027BEC7 /* MainInterface.storyboard */ = {
			isa = PBXVariantGroup;
			children = (
				8FCF9D611DC9AD140027BEC7 /* Base */,
			);
			name = MainInterface.storyboard;
			sourceTree = "<group>";
		};
/* End PBXVariantGroup section */

/* Begin XCBuildConfiguration section */
		8FCF9D4F1DC9AD050027BEC7 /* Debug */ = {
			isa = XCBuildConfiguration;
			buildSettings = {
				ALWAYS_SEARCH_USER_PATHS = NO;
				CLANG_ANALYZER_NONNULL = YES;
				CLANG_CXX_LANGUAGE_STANDARD = "gnu++0x";
				CLANG_CXX_LIBRARY = "libc++";
				CLANG_ENABLE_MODULES = YES;
				CLANG_ENABLE_OBJC_ARC = YES;
				CLANG_WARN_BOOL_CONVERSION = YES;
				CLANG_WARN_CONSTANT_CONVERSION = YES;
				CLANG_WARN_DIRECT_OBJC_ISA_USAGE = YES_ERROR;
				CLANG_WARN_DOCUMENTATION_COMMENTS = YES;
				CLANG_WARN_EMPTY_BODY = YES;
				CLANG_WARN_ENUM_CONVERSION = YES;
				CLANG_WARN_INFINITE_RECURSION = YES;
				CLANG_WARN_INT_CONVERSION = YES;
				CLANG_WARN_OBJC_ROOT_CLASS = YES_ERROR;
				CLANG_WARN_SUSPICIOUS_MOVES = YES;
				CLANG_WARN_UNREACHABLE_CODE = YES;
				CLANG_WARN__DUPLICATE_METHOD_MATCH = YES;
				"CODE_SIGN_IDENTITY[sdk=iphoneos*]" = "iPhone Developer";
				COPY_PHASE_STRIP = NO;
				DEBUG_INFORMATION_FORMAT = dwarf;
				ENABLE_STRICT_OBJC_MSGSEND = YES;
				ENABLE_TESTABILITY = YES;
				GCC_C_LANGUAGE_STANDARD = gnu99;
				GCC_DYNAMIC_NO_PIC = NO;
				GCC_NO_COMMON_BLOCKS = YES;
				GCC_OPTIMIZATION_LEVEL = 0;
				GCC_PREPROCESSOR_DEFINITIONS = (
					"DEBUG=1",
					"$(inherited)",
				);
				GCC_WARN_64_TO_32_BIT_CONVERSION = YES;
				GCC_WARN_ABOUT_RETURN_TYPE = YES_ERROR;
				GCC_WARN_UNDECLARED_SELECTOR = YES;
				GCC_WARN_UNINITIALIZED_AUTOS = YES_AGGRESSIVE;
				GCC_WARN_UNUSED_FUNCTION = YES;
				GCC_WARN_UNUSED_VARIABLE = YES;
				IPHONEOS_DEPLOYMENT_TARGET = 10.1;
				MTL_ENABLE_DEBUG_INFO = YES;
				ONLY_ACTIVE_ARCH = YES;
				SDKROOT = iphoneos;
				TARGETED_DEVICE_FAMILY = "1,2";
			};
			name = Debug;
		};
		8FCF9D501DC9AD050027BEC7 /* Release */ = {
			isa = XCBuildConfiguration;
			buildSettings = {
				ALWAYS_SEARCH_USER_PATHS = NO;
				CLANG_ANALYZER_NONNULL = YES;
				CLANG_CXX_LANGUAGE_STANDARD = "gnu++0x";
				CLANG_CXX_LIBRARY = "libc++";
				CLANG_ENABLE_MODULES = YES;
				CLANG_ENABLE_OBJC_ARC = YES;
				CLANG_WARN_BOOL_CONVERSION = YES;
				CLANG_WARN_CONSTANT_CONVERSION = YES;
				CLANG_WARN_DIRECT_OBJC_ISA_USAGE = YES_ERROR;
				CLANG_WARN_DOCUMENTATION_COMMENTS = YES;
				CLANG_WARN_EMPTY_BODY = YES;
				CLANG_WARN_ENUM_CONVERSION = YES;
				CLANG_WARN_INFINITE_RECURSION = YES;
				CLANG_WARN_INT_CONVERSION = YES;
				CLANG_WARN_OBJC_ROOT_CLASS = YES_ERROR;
				CLANG_WARN_SUSPICIOUS_MOVES = YES;
				CLANG_WARN_UNREACHABLE_CODE = YES;
				CLANG_WARN__DUPLICATE_METHOD_MATCH = YES;
				"CODE_SIGN_IDENTITY[sdk=iphoneos*]" = "iPhone Developer";
				COPY_PHASE_STRIP = NO;
				DEBUG_INFORMATION_FORMAT = "dwarf-with-dsym";
				ENABLE_NS_ASSERTIONS = NO;
				ENABLE_STRICT_OBJC_MSGSEND = YES;
				GCC_C_LANGUAGE_STANDARD = gnu99;
				GCC_NO_COMMON_BLOCKS = YES;
				GCC_WARN_64_TO_32_BIT_CONVERSION = YES;
				GCC_WARN_ABOUT_RETURN_TYPE = YES_ERROR;
				GCC_WARN_UNDECLARED_SELECTOR = YES;
				GCC_WARN_UNINITIALIZED_AUTOS = YES_AGGRESSIVE;
				GCC_WARN_UNUSED_FUNCTION = YES;
				GCC_WARN_UNUSED_VARIABLE = YES;
				IPHONEOS_DEPLOYMENT_TARGET = 10.1;
				MTL_ENABLE_DEBUG_INFO = NO;
				SDKROOT = iphoneos;
				TARGETED_DEVICE_FAMILY = "1,2";
				VALIDATE_PRODUCT = YES;
			};
			name = Release;
		};
		8FCF9D521DC9AD050027BEC7 /* Debug */ = {
			isa = XCBuildConfiguration;
			buildSettings = {
				ASSETCATALOG_COMPILER_APPICON_NAME = AppIcon;
				DEVELOPMENT_TEAM = 673BAG78VN;
				INFOPLIST_FILE = DataShareExtensionToHostApp/Info.plist;
				LD_RUNPATH_SEARCH_PATHS = "$(inherited) @executable_path/Frameworks";
				PRODUCT_BUNDLE_IDENTIFIER = com.nestedapps.DataShareExtensionToHostApp;
				PRODUCT_NAME = "$(TARGET_NAME)";
			};
			name = Debug;
		};
		8FCF9D531DC9AD050027BEC7 /* Release */ = {
			isa = XCBuildConfiguration;
			buildSettings = {
				ASSETCATALOG_COMPILER_APPICON_NAME = AppIcon;
				DEVELOPMENT_TEAM = 673BAG78VN;
				INFOPLIST_FILE = DataShareExtensionToHostApp/Info.plist;
				LD_RUNPATH_SEARCH_PATHS = "$(inherited) @executable_path/Frameworks";
				PRODUCT_BUNDLE_IDENTIFIER = com.nestedapps.DataShareExtensionToHostApp;
				PRODUCT_NAME = "$(TARGET_NAME)";
			};
			name = Release;
		};
		8FCF9D6A1DC9AD140027BEC7 /* Debug */ = {
			isa = XCBuildConfiguration;
			buildSettings = {
				ASSETCATALOG_COMPILER_APPICON_NAME = "iMessage App Icon";
				DEVELOPMENT_TEAM = 673BAG78VN;
				INFOPLIST_FILE = MessageExtension/Info.plist;
				LD_RUNPATH_SEARCH_PATHS = "$(inherited) @executable_path/Frameworks @executable_path/../../Frameworks";
				PRODUCT_BUNDLE_IDENTIFIER = com.nestedapps.DataShareExtensionToHostApp.MessageExtension;
				PRODUCT_NAME = "$(TARGET_NAME)";
				SKIP_INSTALL = YES;
			};
			name = Debug;
		};
		8FCF9D6B1DC9AD140027BEC7 /* Release */ = {
			isa = XCBuildConfiguration;
			buildSettings = {
				ASSETCATALOG_COMPILER_APPICON_NAME = "iMessage App Icon";
				DEVELOPMENT_TEAM = 673BAG78VN;
				INFOPLIST_FILE = MessageExtension/Info.plist;
				LD_RUNPATH_SEARCH_PATHS = "$(inherited) @executable_path/Frameworks @executable_path/../../Frameworks";
				PRODUCT_BUNDLE_IDENTIFIER = com.nestedapps.DataShareExtensionToHostApp.MessageExtension;
				PRODUCT_NAME = "$(TARGET_NAME)";
				SKIP_INSTALL = YES;
			};
			name = Release;
		};
/* End XCBuildConfiguration section */

/* Begin XCConfigurationList section */
		8FCF9D351DC9AD050027BEC7 /* Build configuration list for PBXProject "DataShareExtensionToHostApp" */ = {
			isa = XCConfigurationList;
			buildConfigurations = (
				8FCF9D4F1DC9AD050027BEC7 /* Debug */,
				8FCF9D501DC9AD050027BEC7 /* Release */,
			);
			defaultConfigurationIsVisible = 0;
			defaultConfigurationName = Release;
		};
		8FCF9D511DC9AD050027BEC7 /* Build configuration list for PBXNativeTarget "DataShareExtensionToHostApp" */ = {
			isa = XCConfigurationList;
			buildConfigurations = (
				8FCF9D521DC9AD050027BEC7 /* Debug */,
				8FCF9D531DC9AD050027BEC7 /* Release */,
			);
			defaultConfigurationIsVisible = 0;
		};
		8FCF9D691DC9AD140027BEC7 /* Build configuration list for PBXNativeTarget "MessageExtension" */ = {
			isa = XCConfigurationList;
			buildConfigurations = (
				8FCF9D6A1DC9AD140027BEC7 /* Debug */,
				8FCF9D6B1DC9AD140027BEC7 /* Release */,
			);
			defaultConfigurationIsVisible = 0;
		};
/* End XCConfigurationList section */
	};
	rootObject = 8FCF9D321DC9AD050027BEC7 /* Project object */;
}
